
Microsoft Visual Studio Solution File, Format Version 12.00
# Visual Studio Version 17
VisualStudioVersion = 17.5.002.0
MinimumVisualStudioVersion = 10.0.40219.1
Project("{9A19103F-16F7-4668-BE54-9A1E7A4F7556}") = "AppWeb05", "AppWeb05.csproj", "{1D8FA2FA-7A21-449E-AECF-A8B53DF2491E}"
EndProject
Global
	GlobalSection(SolutionConfigurationPlatforms) = preSolution
		Debug|Any CPU = Debug|Any CPU
		Release|Any CPU = Release|Any CPU
	EndGlobalSection
	GlobalSection(ProjectConfigurationPlatforms) = postSolution
		{1D8FA2FA-7A21-449E-AECF-A8B53DF2491E}.Debug|Any CPU.ActiveCfg = Debug|Any CPU
		{1D8FA2FA-7A21-449E-AECF-A8B53DF2491E}.Debug|Any CPU.Build.0 = Debug|Any CPU
		{1D8FA2FA-7A21-449E-AECF-A8B53DF2491E}.Release|Any CPU.ActiveCfg = Release|Any CPU
		{1D8FA2FA-7A21-449E-AECF-A8B53DF2491E}.Release|Any CPU.Build.0 = Release|Any CPU
	EndGlobalSection
	GlobalSection(SolutionProperties) = preSolution
		HideSolutionNode = FALSE
	EndGlobalSection
	GlobalSection(ExtensibilityGlobals) = postSolution
		SolutionGuid = {6CDAF3AD-D9A9-4F37-8CBF-96E28C4306EA}
	EndGlobalSection
EndGlobal
